// !$*UTF8*$!
{
	archiveVersion = 1;
	classes = {
	};
	objectVersion = 50;
	objects = {

/* Begin PBXBuildFile section */
		B790AA9921A9F4320051052E /* AppDelegate.swift in Sources */ = {isa = PBXBuildFile; fileRef = B790AA9821A9F4320051052E /* AppDelegate.swift */; };
		B790AA9B21A9F4320051052E /* FirstViewController.swift in Sources */ = {isa = PBXBuildFile; fileRef = B790AA9A21A9F4320051052E /* FirstViewController.swift */; };
		B790AA9D21A9F4320051052E /* SecondViewController.swift in Sources */ = {isa = PBXBuildFile; fileRef = B790AA9C21A9F4320051052E /* SecondViewController.swift */; };
		B790AAA021A9F4320051052E /* Main.storyboard in Resources */ = {isa = PBXBuildFile; fileRef = B790AA9E21A9F4320051052E /* Main.storyboard */; };
		B790AAA221A9F4340051052E /* Assets.xcassets in Resources */ = {isa = PBXBuildFile; fileRef = B790AAA121A9F4340051052E /* Assets.xcassets */; };
		B790AAA521A9F4340051052E /* LaunchScreen.storyboard in Resources */ = {isa = PBXBuildFile; fileRef = B790AAA321A9F4340051052E /* LaunchScreen.storyboard */; };
		B790AAB021A9F4350051052E /* EmergencyTests.swift in Sources */ = {isa = PBXBuildFile; fileRef = B790AAAF21A9F4350051052E /* EmergencyTests.swift */; };
		B790AABB21A9F4350051052E /* EmergencyUITests.swift in Sources */ = {isa = PBXBuildFile; fileRef = B790AABA21A9F4350051052E /* EmergencyUITests.swift */; };
/* End PBXBuildFile section */

/* Begin PBXContainerItemProxy section */
		B790AAAC21A9F4350051052E /* PBXContainerItemProxy */ = {
			isa = PBXContainerItemProxy;
			containerPortal = B790AA8D21A9F4320051052E /* Project object */;
			proxyType = 1;
			remoteGlobalIDString = B790AA9421A9F4320051052E;
			remoteInfo = Emergency;
		};
		B790AAB721A9F4350051052E /* PBXContainerItemProxy */ = {
			isa = PBXContainerItemProxy;
			containerPortal = B790AA8D21A9F4320051052E /* Project object */;
			proxyType = 1;
			remoteGlobalIDString = B790AA9421A9F4320051052E;
			remoteInfo = Emergency;
		};
/* End PBXContainerItemProxy section */

/* Begin PBXFileReference section */
		B790AA9521A9F4320051052E /* Emergency.app */ = {isa = PBXFileReference; explicitFileType = wrapper.application; includeInIndex = 0; path = Emergency.app; sourceTree = BUILT_PRODUCTS_DIR; };
		B790AA9821A9F4320051052E /* AppDelegate.swift */ = {isa = PBXFileReference; lastKnownFileType = sourcecode.swift; path = AppDelegate.swift; sourceTree = "<group>"; };
		B790AA9A21A9F4320051052E /* FirstViewController.swift */ = {isa = PBXFileReference; lastKnownFileType = sourcecode.swift; path = FirstViewController.swift; sourceTree = "<group>"; };
		B790AA9C21A9F4320051052E /* SecondViewController.swift */ = {isa = PBXFileReference; lastKnownFileType = sourcecode.swift; path = SecondViewController.swift; sourceTree = "<group>"; };
		B790AA9F21A9F4320051052E /* Base */ = {isa = PBXFileReference; lastKnownFileType = file.storyboard; name = Base; path = Base.lproj/Main.storyboard; sourceTree = "<group>"; };
		B790AAA121A9F4340051052E /* Assets.xcassets */ = {isa = PBXFileReference; lastKnownFileType = folder.assetcatalog; path = Assets.xcassets; sourceTree = "<group>"; };
		B790AAA421A9F4340051052E /* Base */ = {isa = PBXFileReference; lastKnownFileType = file.storyboard; name = Base; path = Base.lproj/LaunchScreen.storyboard; sourceTree = "<group>"; };
		B790AAA621A9F4340051052E /* Info.plist */ = {isa = PBXFileReference; lastKnownFileType = text.plist.xml; path = Info.plist; sourceTree = "<group>"; };
		B790AAAB21A9F4350051052E /* EmergencyTests.xctest */ = {isa = PBXFileReference; explicitFileType = wrapper.cfbundle; includeInIndex = 0; path = EmergencyTests.xctest; sourceTree = BUILT_PRODUCTS_DIR; };
		B790AAAF21A9F4350051052E /* EmergencyTests.swift */ = {isa = PBXFileReference; lastKnownFileType = sourcecode.swift; path = EmergencyTests.swift; sourceTree = "<group>"; };
		B790AAB121A9F4350051052E /* Info.plist */ = {isa = PBXFileReference; lastKnownFileType = text.plist.xml; path = Info.plist; sourceTree = "<group>"; };
		B790AAB621A9F4350051052E /* EmergencyUITests.xctest */ = {isa = PBXFileReference; explicitFileType = wrapper.cfbundle; includeInIndex = 0; path = EmergencyUITests.xctest; sourceTree = BUILT_PRODUCTS_DIR; };
		B790AABA21A9F4350051052E /* EmergencyUITests.swift */ = {isa = PBXFileReference; lastKnownFileType = sourcecode.swift; path = EmergencyUITests.swift; sourceTree = "<group>"; };
		B790AABC21A9F4350051052E /* Info.plist */ = {isa = PBXFileReference; lastKnownFileType = text.plist.xml; path = Info.plist; sourceTree = "<group>"; };
/* End PBXFileReference section */

/* Begin PBXFrameworksBuildPhase section */
		B790AA9221A9F4320051052E /* Frameworks */ = {
			isa = PBXFrameworksBuildPhase;
			buildActionMask = 2147483647;
			files = (
			);
			runOnlyForDeploymentPostprocessing = 0;
		};
		B790AAA821A9F4350051052E /* Frameworks */ = {
			isa = PBXFrameworksBuildPhase;
			buildActionMask = 2147483647;
			files = (
			);
			runOnlyForDeploymentPostprocessing = 0;
		};
		B790AAB321A9F4350051052E /* Frameworks */ = {
			isa = PBXFrameworksBuildPhase;
			buildActionMask = 2147483647;
			files = (
			);
			runOnlyForDeploymentPostprocessing = 0;
		};
/* End PBXFrameworksBuildPhase section */

/* Begin PBXGroup section */
		B790AA8C21A9F4320051052E = {
			isa = PBXGroup;
			children = (
				B790AA9721A9F4320051052E /* Emergency */,
				B790AAAE21A9F4350051052E /* EmergencyTests */,
				B790AAB921A9F4350051052E /* EmergencyUITests */,
				B790AA9621A9F4320051052E /* Products */,
			);
			sourceTree = "<group>";
		};
		B790AA9621A9F4320051052E /* Products */ = {
			isa = PBXGroup;
			children = (
				B790AA9521A9F4320051052E /* Emergency.app */,
				B790AAAB21A9F4350051052E /* EmergencyTests.xctest */,
				B790AAB621A9F4350051052E /* EmergencyUITests.xctest */,
			);
			name = Products;
			sourceTree = "<group>";
		};
		B790AA9721A9F4320051052E /* Emergency */ = {
			isa = PBXGroup;
			children = (
				B790AA9821A9F4320051052E /* AppDelegate.swift */,
				B790AA9A21A9F4320051052E /* FirstViewController.swift */,
				B790AA9C21A9F4320051052E /* SecondViewController.swift */,
				B790AA9E21A9F4320051052E /* Main.storyboard */,
				B790AAA121A9F4340051052E /* Assets.xcassets */,
				B790AAA321A9F4340051052E /* LaunchScreen.storyboard */,
				B790AAA621A9F4340051052E /* Info.plist */,
			);
			path = Emergency;
			sourceTree = "<group>";
		};
		B790AAAE21A9F4350051052E /* EmergencyTests */ = {
			isa = PBXGroup;
			children = (
				B790AAAF21A9F4350051052E /* EmergencyTests.swift */,
				B790AAB121A9F4350051052E /* Info.plist */,
			);
			path = EmergencyTests;
			sourceTree = "<group>";
		};
		B790AAB921A9F4350051052E /* EmergencyUITests */ = {
			isa = PBXGroup;
			children = (
				B790AABA21A9F4350051052E /* EmergencyUITests.swift */,
				B790AABC21A9F4350051052E /* Info.plist */,
			);
			path = EmergencyUITests;
			sourceTree = "<group>";
		};
/* End PBXGroup section */

/* Begin PBXNativeTarget section */
		B790AA9421A9F4320051052E /* Emergency */ = {
			isa = PBXNativeTarget;
			buildConfigurationList = B790AABF21A9F4350051052E /* Build configuration list for PBXNativeTarget "Emergency" */;
			buildPhases = (
				B790AA9121A9F4320051052E /* Sources */,
				B790AA9221A9F4320051052E /* Frameworks */,
				B790AA9321A9F4320051052E /* Resources */,
			);
			buildRules = (
			);
			dependencies = (
			);
			name = Emergency;
			productName = Emergency;
			productReference = B790AA9521A9F4320051052E /* Emergency.app */;
			productType = "com.apple.product-type.application";
		};
		B790AAAA21A9F4350051052E /* EmergencyTests */ = {
			isa = PBXNativeTarget;
			buildConfigurationList = B790AAC221A9F4350051052E /* Build configuration list for PBXNativeTarget "EmergencyTests" */;
			buildPhases = (
				B790AAA721A9F4350051052E /* Sources */,
				B790AAA821A9F4350051052E /* Frameworks */,
				B790AAA921A9F4350051052E /* Resources */,
			);
			buildRules = (
			);
			dependencies = (
				B790AAAD21A9F4350051052E /* PBXTargetDependency */,
			);
			name = EmergencyTests;
			productName = EmergencyTests;
			productReference = B790AAAB21A9F4350051052E /* EmergencyTests.xctest */;
			productType = "com.apple.product-type.bundle.unit-test";
		};
		B790AAB521A9F4350051052E /* EmergencyUITests */ = {
			isa = PBXNativeTarget;
			buildConfigurationList = B790AAC521A9F4350051052E /* Build configuration list for PBXNativeTarget "EmergencyUITests" */;
			buildPhases = (
				B790AAB221A9F4350051052E /* Sources */,
				B790AAB321A9F4350051052E /* Frameworks */,
				B790AAB421A9F4350051052E /* Resources */,
			);
			buildRules = (
			);
			dependencies = (
				B790AAB821A9F4350051052E /* PBXTargetDependency */,
			);
			name = EmergencyUITests;
			productName = EmergencyUITests;
			productReference = B790AAB621A9F4350051052E /* EmergencyUITests.xctest */;
			productType = "com.apple.product-type.bundle.ui-testing";
		};
/* End PBXNativeTarget section */

/* Begin PBXProject section */
		B790AA8D21A9F4320051052E /* Project object */ = {
			isa = PBXProject;
			attributes = {
				LastSwiftUpdateCheck = 1010;
				LastUpgradeCheck = 1010;
				ORGANIZATIONNAME = CS50;
				TargetAttributes = {
					B790AA9421A9F4320051052E = {
						CreatedOnToolsVersion = 10.1;
					};
					B790AAAA21A9F4350051052E = {
						CreatedOnToolsVersion = 10.1;
						TestTargetID = B790AA9421A9F4320051052E;
					};
					B790AAB521A9F4350051052E = {
						CreatedOnToolsVersion = 10.1;
						TestTargetID = B790AA9421A9F4320051052E;
					};
				};
			};
			buildConfigurationList = B790AA9021A9F4320051052E /* Build configuration list for PBXProject "Emergency" */;
			compatibilityVersion = "Xcode 9.3";
			developmentRegion = en;
			hasScannedForEncodings = 0;
			knownRegions = (
				en,
				Base,
			);
			mainGroup = B790AA8C21A9F4320051052E;
			productRefGroup = B790AA9621A9F4320051052E /* Products */;
			projectDirPath = "";
			projectRoot = "";
			targets = (
				B790AA9421A9F4320051052E /* Emergency */,
				B790AAAA21A9F4350051052E /* EmergencyTests */,
				B790AAB521A9F4350051052E /* EmergencyUITests */,
			);
		};
/* End PBXProject section */

/* Begin PBXResourcesBuildPhase section */
		B790AA9321A9F4320051052E /* Resources */ = {
			isa = PBXResourcesBuildPhase;
			buildActionMask = 2147483647;
			files = (
				B790AAA521A9F4340051052E /* LaunchScreen.storyboard in Resources */,
				B790AAA221A9F4340051052E /* Assets.xcassets in Resources */,
				B790AAA021A9F4320051052E /* Main.storyboard in Resources */,
			);
			runOnlyForDeploymentPostprocessing = 0;
		};
		B790AAA921A9F4350051052E /* Resources */ = {
			isa = PBXResourcesBuildPhase;
			buildActionMask = 2147483647;
			files = (
			);
			runOnlyForDeploymentPostprocessing = 0;
		};
		B790AAB421A9F4350051052E /* Resources */ = {
			isa = PBXResourcesBuildPhase;
			buildActionMask = 2147483647;
			files = (
			);
			runOnlyForDeploymentPostprocessing = 0;
		};
/* End PBXResourcesBuildPhase section */

/* Begin PBXSourcesBuildPhase section */
		B790AA9121A9F4320051052E /* Sources */ = {
			isa = PBXSourcesBuildPhase;
			buildActionMask = 2147483647;
			files = (
				B790AA9D21A9F4320051052E /* SecondViewController.swift in Sources */,
				B790AA9921A9F4320051052E /* AppDelegate.swift in Sources */,
				B790AA9B21A9F4320051052E /* FirstViewController.swift in Sources */,
			);
			runOnlyForDeploymentPostprocessing = 0;
		};
		B790AAA721A9F4350051052E /* Sources */ = {
			isa = PBXSourcesBuildPhase;
			buildActionMask = 2147483647;
			files = (
				B790AAB021A9F4350051052E /* EmergencyTests.swift in Sources */,
			);
			runOnlyForDeploymentPostprocessing = 0;
		};
		B790AAB221A9F4350051052E /* Sources */ = {
			isa = PBXSourcesBuildPhase;
			buildActionMask = 2147483647;
			files = (
				B790AABB21A9F4350051052E /* EmergencyUITests.swift in Sources */,
			);
			runOnlyForDeploymentPostprocessing = 0;
		};
/* End PBXSourcesBuildPhase section */

/* Begin PBXTargetDependency section */
		B790AAAD21A9F4350051052E /* PBXTargetDependency */ = {
			isa = PBXTargetDependency;
			target = B790AA9421A9F4320051052E /* Emergency */;
			targetProxy = B790AAAC21A9F4350051052E /* PBXContainerItemProxy */;
		};
		B790AAB821A9F4350051052E /* PBXTargetDependency */ = {
			isa = PBXTargetDependency;
			target = B790AA9421A9F4320051052E /* Emergency */;
			targetProxy = B790AAB721A9F4350051052E /* PBXContainerItemProxy */;
		};
/* End PBXTargetDependency section */

/* Begin PBXVariantGroup section */
		B790AA9E21A9F4320051052E /* Main.storyboard */ = {
			isa = PBXVariantGroup;
			children = (
				B790AA9F21A9F4320051052E /* Base */,
			);
			name = Main.storyboard;
			sourceTree = "<group>";
		};
		B790AAA321A9F4340051052E /* LaunchScreen.storyboard */ = {
			isa = PBXVariantGroup;
			children = (
				B790AAA421A9F4340051052E /* Base */,
			);
			name = LaunchScreen.storyboard;
			sourceTree = "<group>";
		};
/* End PBXVariantGroup section */

/* Begin XCBuildConfiguration section */
		B790AABD21A9F4350051052E /* Debug */ = {
			isa = XCBuildConfiguration;
			buildSettings = {
				ALWAYS_SEARCH_USER_PATHS = NO;
				CLANG_ANALYZER_NONNULL = YES;
				CLANG_ANALYZER_NUMBER_OBJECT_CONVERSION = YES_AGGRESSIVE;
				CLANG_CXX_LANGUAGE_STANDARD = "gnu++14";
				CLANG_CXX_LIBRARY = "libc++";
				CLANG_ENABLE_MODULES = YES;
				CLANG_ENABLE_OBJC_ARC = YES;
				CLANG_ENABLE_OBJC_WEAK = YES;
				CLANG_WARN_BLOCK_CAPTURE_AUTORELEASING = YES;
				CLANG_WARN_BOOL_CONVERSION = YES;
				CLANG_WARN_COMMA = YES;
				CLANG_WARN_CONSTANT_CONVERSION = YES;
				CLANG_WARN_DEPRECATED_OBJC_IMPLEMENTATIONS = YES;
				CLANG_WARN_DIRECT_OBJC_ISA_USAGE = YES_ERROR;
				CLANG_WARN_DOCUMENTATION_COMMENTS = YES;
				CLANG_WARN_EMPTY_BODY = YES;
				CLANG_WARN_ENUM_CONVERSION = YES;
				CLANG_WARN_INFINITE_RECURSION = YES;
				CLANG_WARN_INT_CONVERSION = YES;
				CLANG_WARN_NON_LITERAL_NULL_CONVERSION = YES;
				CLANG_WARN_OBJC_IMPLICIT_RETAIN_SELF = YES;
				CLANG_WARN_OBJC_LITERAL_CONVERSION = YES;
				CLANG_WARN_OBJC_ROOT_CLASS = YES_ERROR;
				CLANG_WARN_RANGE_LOOP_ANALYSIS = YES;
				CLANG_WARN_STRICT_PROTOTYPES = YES;
				CLANG_WARN_SUSPICIOUS_MOVE = YES;
				CLANG_WARN_UNGUARDED_AVAILABILITY = YES_AGGRESSIVE;
				CLANG_WARN_UNREACHABLE_CODE = YES;
				CLANG_WARN__DUPLICATE_METHOD_MATCH = YES;
				CODE_SIGN_IDENTITY = "iPhone Developer";
				COPY_PHASE_STRIP = NO;
				DEBUG_INFORMATION_FORMAT = dwarf;
				ENABLE_STRICT_OBJC_MSGSEND = YES;
				ENABLE_TESTABILITY = YES;
				GCC_C_LANGUAGE_STANDARD = gnu11;
				GCC_DYNAMIC_NO_PIC = NO;
				GCC_NO_COMMON_BLOCKS = YES;
				GCC_OPTIMIZATION_LEVEL = 0;
				GCC_PREPROCESSOR_DEFINITIONS = (
					"DEBUG=1",
					"$(inherited)",
				);
				GCC_WARN_64_TO_32_BIT_CONVERSION = YES;
				GCC_WARN_ABOUT_RETURN_TYPE = YES_ERROR;
				GCC_WARN_UNDECLARED_SELECTOR = YES;
				GCC_WARN_UNINITIALIZED_AUTOS = YES_AGGRESSIVE;
				GCC_WARN_UNUSED_FUNCTION = YES;
				GCC_WARN_UNUSED_VARIABLE = YES;
				IPHONEOS_DEPLOYMENT_TARGET = 12.1;
				MTL_ENABLE_DEBUG_INFO = INCLUDE_SOURCE;
				MTL_FAST_MATH = YES;
				ONLY_ACTIVE_ARCH = YES;
				SDKROOT = iphoneos;
				SWIFT_ACTIVE_COMPILATION_CONDITIONS = DEBUG;
				SWIFT_OPTIMIZATION_LEVEL = "-Onone";
			};
			name = Debug;
		};
		B790AABE21A9F4350051052E /* Release */ = {
			isa = XCBuildConfiguration;
			buildSettings = {
				ALWAYS_SEARCH_USER_PATHS = NO;
				CLANG_ANALYZER_NONNULL = YES;
				CLANG_ANALYZER_NUMBER_OBJECT_CONVERSION = YES_AGGRESSIVE;
				CLANG_CXX_LANGUAGE_STANDARD = "gnu++14";
				CLANG_CXX_LIBRARY = "libc++";
				CLANG_ENABLE_MODULES = YES;
				CLANG_ENABLE_OBJC_ARC = YES;
				CLANG_ENABLE_OBJC_WEAK = YES;
				CLANG_WARN_BLOCK_CAPTURE_AUTORELEASING = YES;
				CLANG_WARN_BOOL_CONVERSION = YES;
				CLANG_WARN_COMMA = YES;
				CLANG_WARN_CONSTANT_CONVERSION = YES;
				CLANG_WARN_DEPRECATED_OBJC_IMPLEMENTATIONS = YES;
				CLANG_WARN_DIRECT_OBJC_ISA_USAGE = YES_ERROR;
				CLANG_WARN_DOCUMENTATION_COMMENTS = YES;
				CLANG_WARN_EMPTY_BODY = YES;
				CLANG_WARN_ENUM_CONVERSION = YES;
				CLANG_WARN_INFINITE_RECURSION = YES;
				CLANG_WARN_INT_CONVERSION = YES;
				CLANG_WARN_NON_LITERAL_NULL_CONVERSION = YES;
				CLANG_WARN_OBJC_IMPLICIT_RETAIN_SELF = YES;
				CLANG_WARN_OBJC_LITERAL_CONVERSION = YES;
				CLANG_WARN_OBJC_ROOT_CLASS = YES_ERROR;
				CLANG_WARN_RANGE_LOOP_ANALYSIS = YES;
				CLANG_WARN_STRICT_PROTOTYPES = YES;
				CLANG_WARN_SUSPICIOUS_MOVE = YES;
				CLANG_WARN_UNGUARDED_AVAILABILITY = YES_AGGRESSIVE;
				CLANG_WARN_UNREACHABLE_CODE = YES;
				CLANG_WARN__DUPLICATE_METHOD_MATCH = YES;
				CODE_SIGN_IDENTITY = "iPhone Developer";
				COPY_PHASE_STRIP = NO;
				DEBUG_INFORMATION_FORMAT = "dwarf-with-dsym";
				ENABLE_NS_ASSERTIONS = NO;
				ENABLE_STRICT_OBJC_MSGSEND = YES;
				GCC_C_LANGUAGE_STANDARD = gnu11;
				GCC_NO_COMMON_BLOCKS = YES;
				GCC_WARN_64_TO_32_BIT_CONVERSION = YES;
				GCC_WARN_ABOUT_RETURN_TYPE = YES_ERROR;
				GCC_WARN_UNDECLARED_SELECTOR = YES;
				GCC_WARN_UNINITIALIZED_AUTOS = YES_AGGRESSIVE;
				GCC_WARN_UNUSED_FUNCTION = YES;
				GCC_WARN_UNUSED_VARIABLE = YES;
				IPHONEOS_DEPLOYMENT_TARGET = 12.1;
				MTL_ENABLE_DEBUG_INFO = NO;
				MTL_FAST_MATH = YES;
				SDKROOT = iphoneos;
				SWIFT_COMPILATION_MODE = wholemodule;
				SWIFT_OPTIMIZATION_LEVEL = "-O";
				VALIDATE_PRODUCT = YES;
			};
			name = Release;
		};
		B790AAC021A9F4350051052E /* Debug */ = {
			isa = XCBuildConfiguration;
			buildSettings = {
				ASSETCATALOG_COMPILER_APPICON_NAME = AppIcon;
				ASSETCATALOG_COMPILER_LAUNCHIMAGE_NAME = LaunchImage;
				CODE_SIGN_STYLE = Automatic;
				DEVELOPMENT_TEAM = 84TN28LD6J;
				INFOPLIST_FILE = Emergency/Info.plist;
				LD_RUNPATH_SEARCH_PATHS = (
					"$(inherited)",
					"@executable_path/Frameworks",
				);
				PRODUCT_BUNDLE_IDENTIFIER = katieandtylerfinalproject.Emergency;
				PRODUCT_NAME = "$(TARGET_NAME)";
				SWIFT_VERSION = 4.2;
				TARGETED_DEVICE_FAMILY = "1,2";
			};
			name = Debug;
		};
		B790AAC121A9F4350051052E /* Release */ = {
			isa = XCBuildConfiguration;
			buildSettings = {
				ASSETCATALOG_COMPILER_APPICON_NAME = AppIcon;
				ASSETCATALOG_COMPILER_LAUNCHIMAGE_NAME = LaunchImage;
				CODE_SIGN_STYLE = Automatic;
				DEVELOPMENT_TEAM = 84TN28LD6J;
				INFOPLIST_FILE = Emergency/Info.plist;
				LD_RUNPATH_SEARCH_PATHS = (
					"$(inherited)",
					"@executable_path/Frameworks",
				);
				PRODUCT_BUNDLE_IDENTIFIER = katieandtylerfinalproject.Emergency;
				PRODUCT_NAME = "$(TARGET_NAME)";
				SWIFT_VERSION = 4.2;
				TARGETED_DEVICE_FAMILY = "1,2";
			};
			name = Release;
		};
		B790AAC321A9F4350051052E /* Debug */ = {
			isa = XCBuildConfiguration;
			buildSettings = {
				ALWAYS_EMBED_SWIFT_STANDARD_LIBRARIES = YES;
				BUNDLE_LOADER = "$(TEST_HOST)";
				CODE_SIGN_STYLE = Automatic;
				DEVELOPMENT_TEAM = 4887383T88;
				INFOPLIST_FILE = EmergencyTests/Info.plist;
				LD_RUNPATH_SEARCH_PATHS = (
					"$(inherited)",
					"@executable_path/Frameworks",
					"@loader_path/Frameworks",
				);
				PRODUCT_BUNDLE_IDENTIFIER = katieandtylerfinalproject.EmergencyTests;
				PRODUCT_NAME = "$(TARGET_NAME)";
				SWIFT_VERSION = 4.2;
				TARGETED_DEVICE_FAMILY = "1,2";
				TEST_HOST = "$(BUILT_PRODUCTS_DIR)/Emergency.app/Emergency";
			};
			name = Debug;
		};
		B790AAC421A9F4350051052E /* Release */ = {
			isa = XCBuildConfiguration;
			buildSettings = {
				ALWAYS_EMBED_SWIFT_STANDARD_LIBRARIES = YES;
				BUNDLE_LOADER = "$(TEST_HOST)";
				CODE_SIGN_STYLE = Automatic;
				DEVELOPMENT_TEAM = 4887383T88;
				INFOPLIST_FILE = EmergencyTests/Info.plist;
				LD_RUNPATH_SEARCH_PATHS = (
					"$(inherited)",
					"@executable_path/Frameworks",
					"@loader_path/Frameworks",
				);
				PRODUCT_BUNDLE_IDENTIFIER = katieandtylerfinalproject.EmergencyTests;
				PRODUCT_NAME = "$(TARGET_NAME)";
				SWIFT_VERSION = 4.2;
				TARGETED_DEVICE_FAMILY = "1,2";
				TEST_HOST = "$(BUILT_PRODUCTS_DIR)/Emergency.app/Emergency";
			};
			name = Release;
		};
		B790AAC621A9F4350051052E /* Debug */ = {
			isa = XCBuildConfiguration;
			buildSettings = {
				ALWAYS_EMBED_SWIFT_STANDARD_LIBRARIES = YES;
				CODE_SIGN_STYLE = Automatic;
				DEVELOPMENT_TEAM = 4887383T88;
				INFOPLIST_FILE = EmergencyUITests/Info.plist;
				LD_RUNPATH_SEARCH_PATHS = (
					"$(inherited)",
					"@executable_path/Frameworks",
					"@loader_path/Frameworks",
				);
				PRODUCT_BUNDLE_IDENTIFIER = katieandtylerfinalproject.EmergencyUITests;
				PRODUCT_NAME = "$(TARGET_NAME)";
				SWIFT_VERSION = 4.2;
				TARGETED_DEVICE_FAMILY = "1,2";
				TEST_TARGET_NAME = Emergency;
			};
			name = Debug;
		};
		B790AAC721A9F4350051052E /* Release */ = {
			isa = XCBuildConfiguration;
			buildSettings = {
				ALWAYS_EMBED_SWIFT_STANDARD_LIBRARIES = YES;
				CODE_SIGN_STYLE = Automatic;
				DEVELOPMENT_TEAM = 4887383T88;
				INFOPLIST_FILE = EmergencyUITests/Info.plist;
				LD_RUNPATH_SEARCH_PATHS = (
					"$(inherited)",
					"@executable_path/Frameworks",
					"@loader_path/Frameworks",
				);
				PRODUCT_BUNDLE_IDENTIFIER = katieandtylerfinalproject.EmergencyUITests;
				PRODUCT_NAME = "$(TARGET_NAME)";
				SWIFT_VERSION = 4.2;
				TARGETED_DEVICE_FAMILY = "1,2";
				TEST_TARGET_NAME = Emergency;
			};
			name = Release;
		};
/* End XCBuildConfiguration section */

/* Begin XCConfigurationList section */
		B790AA9021A9F4320051052E /* Build configuration list for PBXProject "Emergency" */ = {
			isa = XCConfigurationList;
			buildConfigurations = (
				B790AABD21A9F4350051052E /* Debug */,
				B790AABE21A9F4350051052E /* Release */,
			);
			defaultConfigurationIsVisible = 0;
			defaultConfigurationName = Release;
		};
		B790AABF21A9F4350051052E /* Build configuration list for PBXNativeTarget "Emergency" */ = {
			isa = XCConfigurationList;
			buildConfigurations = (
				B790AAC021A9F4350051052E /* Debug */,
				B790AAC121A9F4350051052E /* Release */,
			);
			defaultConfigurationIsVisible = 0;
			defaultConfigurationName = Release;
		};
		B790AAC221A9F4350051052E /* Build configuration list for PBXNativeTarget "EmergencyTests" */ = {
			isa = XCConfigurationList;
			buildConfigurations = (
				B790AAC321A9F4350051052E /* Debug */,
				B790AAC421A9F4350051052E /* Release */,
			);
			defaultConfigurationIsVisible = 0;
			defaultConfigurationName = Release;
		};
		B790AAC521A9F4350051052E /* Build configuration list for PBXNativeTarget "EmergencyUITests" */ = {
			isa = XCConfigurationList;
			buildConfigurations = (
				B790AAC621A9F4350051052E /* Debug */,
				B790AAC721A9F4350051052E /* Release */,
			);
			defaultConfigurationIsVisible = 0;
			defaultConfigurationName = Release;
		};
/* End XCConfigurationList section */
	};
	rootObject = B790AA8D21A9F4320051052E /* Project object */;
}
